
Microsoft Visual Studio Solution File, Format Version 12.00
# Visual Studio Version 17
VisualStudioVersion = 17.6.33723.286
MinimumVisualStudioVersion = 10.0.40219.1
Project("{9A19103F-16F7-4668-BE54-9A1E7A4F7556}") = "ColDef_Creator", "ColDef_Creator.csproj", "{F4EAAEA7-96D5-46DE-AB3A-1FA05E521BC2}"
EndProject
Project("{9A19103F-16F7-4668-BE54-9A1E7A4F7556}") = "WinFormsEmbed", "..\WinFormsEmbed\WinFormsEmbed.csproj", "{081C7ECA-B7AB-4361-A917-E5950C1762DB}"
EndProject
Global
	GlobalSection(SolutionConfigurationPlatforms) = preSolution
		Debug|Any CPU = Debug|Any CPU
		Release|Any CPU = Release|Any CPU
	EndGlobalSection
	GlobalSection(ProjectConfigurationPlatforms) = postSolution
		{F4EAAEA7-96D5-46DE-AB3A-1FA05E521BC2}.Debug|Any CPU.ActiveCfg = Debug|Any CPU
		{F4EAAEA7-96D5-46DE-AB3A-1FA05E521BC2}.Debug|Any CPU.Build.0 = Debug|Any CPU
		{F4EAAEA7-96D5-46DE-AB3A-1FA05E521BC2}.Release|Any CPU.ActiveCfg = Release|Any CPU
		{F4EAAEA7-96D5-46DE-AB3A-1FA05E521BC2}.Release|Any CPU.Build.0 = Release|Any CPU
		{081C7ECA-B7AB-4361-A917-E5950C1762DB}.Debug|Any CPU.ActiveCfg = Debug|Any CPU
		{081C7ECA-B7AB-4361-A917-E5950C1762DB}.Debug|Any CPU.Build.0 = Debug|Any CPU
		{081C7ECA-B7AB-4361-A917-E5950C1762DB}.Release|Any CPU.ActiveCfg = Release|Any CPU
		{081C7ECA-B7AB-4361-A917-E5950C1762DB}.Release|Any CPU.Build.0 = Release|Any CPU
	EndGlobalSection
	GlobalSection(SolutionProperties) = preSolution
		HideSolutionNode = FALSE
	EndGlobalSection
	GlobalSection(ExtensibilityGlobals) = postSolution
		SolutionGuid = {75A5E8C3-F6C2-4381-B135-DF24FC851959}
	EndGlobalSection
EndGlobal
